<?xml version="1.0" encoding="utf-8"?>
<Project ToolsVersion="4.0" xmlns="http://schemas.microsoft.com/developer/msbuild/2003">
  <ItemGroup>
    <Filter Include="Source Files">
      <UniqueIdentifier>{0ab3d22d-dbb9-47f0-baaf-995f9f39154c}</UniqueIdentifier>
      <Extensions>cpp;c;cxx;rc;def;r;odl;idl;hpj;bat</Extensions>
    </Filter>
    <Filter Include="Header Files">
      <UniqueIdentifier>{dfa0333e-74be-4f5f-b5ab-28ac33c98259}</UniqueIdentifier>
      <Extensions>h;hpp;hxx;hm;inl</Extensions>
    </Filter>
    <Filter Include="Resource Files">
      <UniqueIdentifier>{085e6ab7-b22a-4ce0-a8ef-82e52c08a220}</UniqueIdentifier>
      <Extensions>ico;cur;bmp;dlg;rc2;rct;bin;rgs;gif;jpg;jpeg;jpe</Extensions>
    </Filter>
    <Filter Include="Brush">
      <UniqueIdentifier>{a94c4e1c-3738-41fc-9edf-f7176ec3a486}</UniqueIdentifier>
    </Filter>
    <Filter Include="Shapes">
      <UniqueIdentifier>{cbe1f9bd-5d79-41a7-9812-6fc9dbf9a917}</UniqueIdentifier>
    </Filter>
    <Filter Include="rendering">
      <UniqueIdentifier>{fa113e5d-87b8-40fc-83be-ee2c427ae5e6}</UniqueIdentifier>
    </Filter>
    <Filter Include="Camera">
      <UniqueIdentifier>{87f30b1e-6b11-4f95-b8dd-d482d4a0fbf9}</UniqueIdentifier>
    </Filter>
    <Filter Include="Sceneview">
      <UniqueIdentifier>{6ed8dfa5-a6af-4d0d-95c4-f5f9d84d7cff}</UniqueIdentifier>
    </Filter>
    <Filter Include="Intersect">
      <UniqueIdentifier>{b8205e40-eca4-46cb-bcc9-f4ea399a7214}</UniqueIdentifier>
    </Filter>
    <Filter Include="Interactive">
      <UniqueIdentifier>{890617ec-c5a1-4c27-9d14-388bd0506ece}</UniqueIdentifier>
      <Extensions>*.cpp *.h</Extensions>
    </Filter>
    <Filter Include="vecmath">
      <UniqueIdentifier>{ae3f388a-0c34-45a8-b3ca-255fba65db8e}</UniqueIdentifier>
    </Filter>
  </ItemGroup>
  <ItemGroup>
    <ClCompile Include="GLWindow.cpp">
      <Filter>Source Files</Filter>
    </ClCompile>
    <ClCompile Include="main.cpp">
      <Filter>Source Files</Filter>
    </ClCompile>
    <ClCompile Include="ShellInterface.cpp">
      <Filter>Source Files</Filter>
    </ClCompile>
    <ClCompile Include="UIInterface.cpp">
      <Filter>Source Files</Filter>
    </ClCompile>
    <ClCompile Include="brush\BrushInterface.cpp">
      <Filter>Brush</Filter>
    </ClCompile>
    <ClCompile Include="brush\MyBrush.cpp">
      <Filter>Brush</Filter>
    </ClCompile>
    <ClCompile Include="brush\MyBrush_UI.cpp">
      <Filter>Brush</Filter>
    </ClCompile>
    <ClCompile Include="shapes\ShapesInterface.cpp">
      <Filter>Shapes</Filter>
    </ClCompile>
    <ClCompile Include="shapes\ShapesUI.cpp">
      <Filter>Shapes</Filter>
    </ClCompile>
    <ClCompile Include="rendering\MyScene_render.cpp">
      <Filter>rendering</Filter>
    </ClCompile>
    <ClCompile Include="rendering\RenderingInterface.cpp">
      <Filter>rendering</Filter>
    </ClCompile>
    <ClCompile Include="rendering\RenderingUI.cpp">
      <Filter>rendering</Filter>
    </ClCompile>
    <ClCompile Include="camera\Camera.cpp">
      <Filter>Camera</Filter>
    </ClCompile>
    <ClCompile Include="camera\CameraInterface.cpp">
      <Filter>Camera</Filter>
    </ClCompile>
    <ClCompile Include="camera\CameraUI.cpp">
      <Filter>Camera</Filter>
    </ClCompile>
    <ClCompile Include="camera\IBar.cpp">
      <Filter>Camera</Filter>
    </ClCompile>
    <ClCompile Include="sceneview\MyScene.cpp">
      <Filter>Sceneview</Filter>
    </ClCompile>
    <ClCompile Include="sceneview\MyScene_draw.cpp">
      <Filter>Sceneview</Filter>
    </ClCompile>
    <ClCompile Include="sceneview\SceneviewInterface.cpp">
      <Filter>Sceneview</Filter>
    </ClCompile>
    <ClCompile Include="sceneview\SceneviewUI.cpp">
      <Filter>Sceneview</Filter>
    </ClCompile>
    <ClCompile Include="intersection\IntersectionInterface.cpp">
      <Filter>Intersect</Filter>
    </ClCompile>
    <ClCompile Include="intersection\IntersectionUI.cpp">
      <Filter>Intersect</Filter>
    </ClCompile>
    <ClCompile Include="interactive\InteractiveInterface.cpp">
      <Filter>Interactive</Filter>
    </ClCompile>
    <ClCompile Include="interactive\InteractiveUI.cpp">
      <Filter>Interactive</Filter>
    </ClCompile>
    <ClCompile Include="interactive\InteractiveWidget.cpp">
      <Filter>Interactive</Filter>
    </ClCompile>
    <ClCompile Include="interactive\MyScene_select.cpp">
      <Filter>Interactive</Filter>
    </ClCompile>
    <ClCompile Include="vecmath\Matrix3.cpp">
      <Filter>vecmath</Filter>
    </ClCompile>
    <ClCompile Include="vecmath\Matrix4.cpp">
      <Filter>vecmath</Filter>
    </ClCompile>
    <ClCompile Include="vecmath\Point3.cpp">
      <Filter>vecmath</Filter>
    </ClCompile>
    <ClCompile Include="vecmath\ScreenPoint.cpp">
      <Filter>vecmath</Filter>
    </ClCompile>
    <ClCompile Include="vecmath\ScreenVector.cpp">
      <Filter>vecmath</Filter>
    </ClCompile>
    <ClCompile Include="vecmath\Vector3.cpp">
      <Filter>vecmath</Filter>
    </ClCompile>
    <ClCompile Include="vecmath\Vector4.cpp">
      <Filter>vecmath</Filter>
    </ClCompile>
    <ClCompile Include="shapes\Cone.cpp">
      <Filter>Shapes</Filter>
    </ClCompile>
    <ClCompile Include="shapes\Cube.cpp">
      <Filter>Shapes</Filter>
    </ClCompile>
    <ClCompile Include="shapes\Cylinder.cpp">
      <Filter>Shapes</Filter>
    </ClCompile>
    <ClCompile Include="shapes\Sphere.cpp">
      <Filter>Shapes</Filter>
    </ClCompile>
    <ClCompile Include="shapes\Shape.cpp">
      <Filter>Shapes</Filter>
    </ClCompile>
  </ItemGroup>
  <ItemGroup>
    <ClInclude Include="Color.h">
      <Filter>Header Files</Filter>
    </ClInclude>
    <ClInclude Include="cse452.h">
      <Filter>Header Files</Filter>
    </ClInclude>
    <ClInclude Include="GLWindow.h">
      <Filter>Header Files</Filter>
    </ClInclude>
    <ClInclude Include="ShellInterface.h">
      <Filter>Header Files</Filter>
    </ClInclude>
    <ClInclude Include="UIInterface.h">
      <Filter>Header Files</Filter>
    </ClInclude>
    <ClInclude Include="brush\BrushInterface.h">
      <Filter>Brush</Filter>
    </ClInclude>
    <ClInclude Include="brush\MyBrush.h">
      <Filter>Brush</Filter>
    </ClInclude>
    <ClInclude Include="shapes\ShapesInterface.h">
      <Filter>Shapes</Filter>
    </ClInclude>
    <ClInclude Include="shapes\ShapesUI.h">
      <Filter>Shapes</Filter>
    </ClInclude>
    <ClInclude Include="rendering\RenderingInterface.h">
      <Filter>rendering</Filter>
    </ClInclude>
    <ClInclude Include="rendering\RenderingUI.h">
      <Filter>rendering</Filter>
    </ClInclude>
    <ClInclude Include="camera\Camera.h">
      <Filter>Camera</Filter>
    </ClInclude>
    <ClInclude Include="camera\CameraInterface.h">
      <Filter>Camera</Filter>
    </ClInclude>
    <ClInclude Include="camera\CameraUI.h">
      <Filter>Camera</Filter>
    </ClInclude>
    <ClInclude Include="camera\IBar.H">
      <Filter>Camera</Filter>
    </ClInclude>
    <ClInclude Include="sceneview\Light.h">
      <Filter>Sceneview</Filter>
    </ClInclude>
    <ClInclude Include="sceneview\MyScene.h">
      <Filter>Sceneview</Filter>
    </ClInclude>
    <ClInclude Include="sceneview\parser.h">
      <Filter>Sceneview</Filter>
    </ClInclude>
    <ClInclude Include="sceneview\SceneviewInterface.h">
      <Filter>Sceneview</Filter>
    </ClInclude>
    <ClInclude Include="sceneview\SceneviewUI.h">
      <Filter>Sceneview</Filter>
    </ClInclude>
    <ClInclude Include="intersection\HitRecord.h">
      <Filter>Intersect</Filter>
    </ClInclude>
    <ClInclude Include="intersection\IntersectionInterface.h">
      <Filter>Intersect</Filter>
    </ClInclude>
    <ClInclude Include="intersection\IntersectionUI.h">
      <Filter>Intersect</Filter>
    </ClInclude>
    <ClInclude Include="interactive\InteractiveInterface.h">
      <Filter>Interactive</Filter>
    </ClInclude>
    <ClInclude Include="interactive\InteractiveUI.h">
      <Filter>Interactive</Filter>
    </ClInclude>
    <ClInclude Include="interactive\InteractiveWidget.h">
      <Filter>Interactive</Filter>
    </ClInclude>
    <ClInclude Include="vecmath\Matrix3.h">
      <Filter>vecmath</Filter>
    </ClInclude>
    <ClInclude Include="vecmath\Matrix4.h">
      <Filter>vecmath</Filter>
    </ClInclude>
    <ClInclude Include="vecmath\Point3.h">
      <Filter>vecmath</Filter>
    </ClInclude>
    <ClInclude Include="vecmath\ScreenPoint.h">
      <Filter>vecmath</Filter>
    </ClInclude>
    <ClInclude Include="vecmath\ScreenVector.h">
      <Filter>vecmath</Filter>
    </ClInclude>
    <ClInclude Include="vecmath\Vector3.h">
      <Filter>vecmath</Filter>
    </ClInclude>
    <ClInclude Include="vecmath\Vector4.h">
      <Filter>vecmath</Filter>
    </ClInclude>
    <ClInclude Include="shapes\Cone.h">
      <Filter>Shapes</Filter>
    </ClInclude>
    <ClInclude Include="shapes\Cube.h">
      <Filter>Shapes</Filter>
    </ClInclude>
    <ClInclude Include="shapes\Cylinder.h">
      <Filter>Shapes</Filter>
    </ClInclude>
    <ClInclude Include="shapes\Sphere.h">
      <Filter>Shapes</Filter>
    </ClInclude>
    <ClInclude Include="shapes\Shape.h">
      <Filter>Shapes</Filter>
    </ClInclude>
  </ItemGroup>
  <ItemGroup>
    <Image Include="cse452shell.ico">
      <Filter>Resource Files</Filter>
    </Image>
  </ItemGroup>
</Project>